
Microsoft Visual Studio Solution File, Format Version 12.00
# Visual Studio Version 17
VisualStudioVersion = 17.9.34622.214
MinimumVisualStudioVersion = 10.0.40219.1
Project("{FAE04EC0-301F-11D3-BF4B-00C04F79EFBC}") = "GestionStockWeb", "GestionStockWeb\GestionStockWeb.csproj", "{8C10CA8D-C971-40AB-837D-B9ED4795B8B6}"
EndProject
Project("{FAE04EC0-301F-11D3-BF4B-00C04F79EFBC}") = "Repository", "Repository\Repository.csproj", "{FDFB5066-E407-4A8C-A7B6-6E9CE2F89708}"
EndProject
Global
	GlobalSection(SolutionConfigurationPlatforms) = preSolution
		Debug|Any CPU = Debug|Any CPU
		Release|Any CPU = Release|Any CPU
	EndGlobalSection
	GlobalSection(ProjectConfigurationPlatforms) = postSolution
		{8C10CA8D-C971-40AB-837D-B9ED4795B8B6}.Debug|Any CPU.ActiveCfg = Debug|Any CPU
		{8C10CA8D-C971-40AB-837D-B9ED4795B8B6}.Debug|Any CPU.Build.0 = Debug|Any CPU
		{8C10CA8D-C971-40AB-837D-B9ED4795B8B6}.Release|Any CPU.ActiveCfg = Release|Any CPU
		{8C10CA8D-C971-40AB-837D-B9ED4795B8B6}.Release|Any CPU.Build.0 = Release|Any CPU
		{FDFB5066-E407-4A8C-A7B6-6E9CE2F89708}.Debug|Any CPU.ActiveCfg = Debug|Any CPU
		{FDFB5066-E407-4A8C-A7B6-6E9CE2F89708}.Debug|Any CPU.Build.0 = Debug|Any CPU
		{FDFB5066-E407-4A8C-A7B6-6E9CE2F89708}.Release|Any CPU.ActiveCfg = Release|Any CPU
		{FDFB5066-E407-4A8C-A7B6-6E9CE2F89708}.Release|Any CPU.Build.0 = Release|Any CPU
	EndGlobalSection
	GlobalSection(SolutionProperties) = preSolution
		HideSolutionNode = FALSE
	EndGlobalSection
	GlobalSection(ExtensibilityGlobals) = postSolution
		SolutionGuid = {196BD010-A983-44CE-80D8-CF4445487990}
	EndGlobalSection
EndGlobal
